// !$*UTF8*$!
{
	archiveVersion = 1;
	classes = {
	};
	objectVersion = 56;
	objects = {

/* Begin PBXBuildFile section */
		BB0A4B632A1A8D87000C494F /* AppDelegate.swift in Sources */ = {isa = PBXBuildFile; fileRef = BB0A4B622A1A8D87000C494F /* AppDelegate.swift */; };
		BB0A4B652A1A8D87000C494F /* SceneDelegate.swift in Sources */ = {isa = PBXBuildFile; fileRef = BB0A4B642A1A8D87000C494F /* SceneDelegate.swift */; };
		BB0A4B672A1A8D87000C494F /* MainViewController.swift in Sources */ = {isa = PBXBuildFile; fileRef = BB0A4B662A1A8D87000C494F /* MainViewController.swift */; };
		BB0A4B6C2A1A8D89000C494F /* Assets.xcassets in Resources */ = {isa = PBXBuildFile; fileRef = BB0A4B6B2A1A8D89000C494F /* Assets.xcassets */; };
		BB0A4B6F2A1A8D89000C494F /* LaunchScreen.storyboard in Resources */ = {isa = PBXBuildFile; fileRef = BB0A4B6D2A1A8D89000C494F /* LaunchScreen.storyboard */; };
		BB52CC482A1BA52C002DDCAD /* Task3Text.txt in Resources */ = {isa = PBXBuildFile; fileRef = BB52CC472A1BA52C002DDCAD /* Task3Text.txt */; };
		BB52CC4A2A1BA539002DDCAD /* Task4Text.txt in Resources */ = {isa = PBXBuildFile; fileRef = BB52CC492A1BA539002DDCAD /* Task4Text.txt */; };
		BB52CC4C2A1BA54C002DDCAD /* Task5Text.txt in Resources */ = {isa = PBXBuildFile; fileRef = BB52CC4B2A1BA54C002DDCAD /* Task5Text.txt */; };
		BB52CC4E2A1BA552002DDCAD /* Task6Text.txt in Resources */ = {isa = PBXBuildFile; fileRef = BB52CC4D2A1BA552002DDCAD /* Task6Text.txt */; };
		BB52CC502A1BA557002DDCAD /* Task7Text.txt in Resources */ = {isa = PBXBuildFile; fileRef = BB52CC4F2A1BA557002DDCAD /* Task7Text.txt */; };
		BB52CC522A1BA55B002DDCAD /* Task8Text.txt in Resources */ = {isa = PBXBuildFile; fileRef = BB52CC512A1BA55B002DDCAD /* Task8Text.txt */; };
		BB52CC542A1BA561002DDCAD /* Task9Text.txt in Resources */ = {isa = PBXBuildFile; fileRef = BB52CC532A1BA561002DDCAD /* Task9Text.txt */; };
		BB7B527D2A1AA8FB00A12B5A /* Tasks.swift in Sources */ = {isa = PBXBuildFile; fileRef = BB7B527C2A1AA8FB00A12B5A /* Tasks.swift */; };
		BBA4FD152A1A9A8F0015E257 /* MainCollectionViewCell.swift in Sources */ = {isa = PBXBuildFile; fileRef = BBA4FD142A1A9A8E0015E257 /* MainCollectionViewCell.swift */; };
		BBAAAFFB2A1B3ED100EF754A /* TaskModel.swift in Sources */ = {isa = PBXBuildFile; fileRef = BBAAAFFA2A1B3ED100EF754A /* TaskModel.swift */; };
		BBAAB0082A1B507A00EF754A /* Task2Text.txt in Resources */ = {isa = PBXBuildFile; fileRef = BBAAB0072A1B507A00EF754A /* Task2Text.txt */; };
		BBAAB00B2A1B598D00EF754A /* Task1Text.txt in Resources */ = {isa = PBXBuildFile; fileRef = BBAAB00A2A1B50BF00EF754A /* Task1Text.txt */; };
/* End PBXBuildFile section */

/* Begin PBXFileReference section */
		BB0A4B5F2A1A8D87000C494F /* UIKit Marathon.app */ = {isa = PBXFileReference; explicitFileType = wrapper.application; includeInIndex = 0; path = "UIKit Marathon.app"; sourceTree = BUILT_PRODUCTS_DIR; };
		BB0A4B622A1A8D87000C494F /* AppDelegate.swift */ = {isa = PBXFileReference; lastKnownFileType = sourcecode.swift; path = AppDelegate.swift; sourceTree = "<group>"; };
		BB0A4B642A1A8D87000C494F /* SceneDelegate.swift */ = {isa = PBXFileReference; lastKnownFileType = sourcecode.swift; path = SceneDelegate.swift; sourceTree = "<group>"; };
		BB0A4B662A1A8D87000C494F /* MainViewController.swift */ = {isa = PBXFileReference; lastKnownFileType = sourcecode.swift; path = MainViewController.swift; sourceTree = "<group>"; };
		BB0A4B6B2A1A8D89000C494F /* Assets.xcassets */ = {isa = PBXFileReference; lastKnownFileType = folder.assetcatalog; path = Assets.xcassets; sourceTree = "<group>"; };
		BB0A4B6E2A1A8D89000C494F /* Base */ = {isa = PBXFileReference; lastKnownFileType = file.storyboard; name = Base; path = Base.lproj/LaunchScreen.storyboard; sourceTree = "<group>"; };
		BB0A4B702A1A8D89000C494F /* Info.plist */ = {isa = PBXFileReference; lastKnownFileType = text.plist.xml; path = Info.plist; sourceTree = "<group>"; };
		BB52CC472A1BA52C002DDCAD /* Task3Text.txt */ = {isa = PBXFileReference; lastKnownFileType = text; path = Task3Text.txt; sourceTree = "<group>"; };
		BB52CC492A1BA539002DDCAD /* Task4Text.txt */ = {isa = PBXFileReference; lastKnownFileType = text; path = Task4Text.txt; sourceTree = "<group>"; };
		BB52CC4B2A1BA54C002DDCAD /* Task5Text.txt */ = {isa = PBXFileReference; lastKnownFileType = text; path = Task5Text.txt; sourceTree = "<group>"; };
		BB52CC4D2A1BA552002DDCAD /* Task6Text.txt */ = {isa = PBXFileReference; lastKnownFileType = text; path = Task6Text.txt; sourceTree = "<group>"; };
		BB52CC4F2A1BA557002DDCAD /* Task7Text.txt */ = {isa = PBXFileReference; lastKnownFileType = text; path = Task7Text.txt; sourceTree = "<group>"; };
		BB52CC512A1BA55B002DDCAD /* Task8Text.txt */ = {isa = PBXFileReference; lastKnownFileType = text; path = Task8Text.txt; sourceTree = "<group>"; };
		BB52CC532A1BA561002DDCAD /* Task9Text.txt */ = {isa = PBXFileReference; lastKnownFileType = text; path = Task9Text.txt; sourceTree = "<group>"; };
		BB7B527C2A1AA8FB00A12B5A /* Tasks.swift */ = {isa = PBXFileReference; lastKnownFileType = sourcecode.swift; path = Tasks.swift; sourceTree = "<group>"; };
		BBA4FD142A1A9A8E0015E257 /* MainCollectionViewCell.swift */ = {isa = PBXFileReference; lastKnownFileType = sourcecode.swift; path = MainCollectionViewCell.swift; sourceTree = "<group>"; };
		BBAAAFFA2A1B3ED100EF754A /* TaskModel.swift */ = {isa = PBXFileReference; lastKnownFileType = sourcecode.swift; path = TaskModel.swift; sourceTree = "<group>"; };
		BBAAB0072A1B507A00EF754A /* Task2Text.txt */ = {isa = PBXFileReference; lastKnownFileType = text; path = Task2Text.txt; sourceTree = "<group>"; };
		BBAAB00A2A1B50BF00EF754A /* Task1Text.txt */ = {isa = PBXFileReference; lastKnownFileType = text; path = Task1Text.txt; sourceTree = "<group>"; };
/* End PBXFileReference section */

/* Begin PBXFrameworksBuildPhase section */
		BB0A4B5C2A1A8D87000C494F /* Frameworks */ = {
			isa = PBXFrameworksBuildPhase;
			buildActionMask = 2147483647;
			files = (
			);
			runOnlyForDeploymentPostprocessing = 0;
		};
/* End PBXFrameworksBuildPhase section */

/* Begin PBXGroup section */
		BB0A4B562A1A8D87000C494F = {
			isa = PBXGroup;
			children = (
				BB0A4B612A1A8D87000C494F /* UIKit Marathon */,
				BB0A4B602A1A8D87000C494F /* Products */,
			);
			sourceTree = "<group>";
		};
		BB0A4B602A1A8D87000C494F /* Products */ = {
			isa = PBXGroup;
			children = (
				BB0A4B5F2A1A8D87000C494F /* UIKit Marathon.app */,
			);
			name = Products;
			sourceTree = "<group>";
		};
		BB0A4B612A1A8D87000C494F /* UIKit Marathon */ = {
			isa = PBXGroup;
			children = (
				BBA4FD122A1A8EFC0015E257 /* Application */,
				BB52CC552A1BA8B7002DDCAD /* Main */,
				BBA4FD132A1A8F170015E257 /* Resources */,
				BBAAB0022A1B4F1900EF754A /* TasksTxt */,
			);
			path = "UIKit Marathon";
			sourceTree = "<group>";
		};
		BB52CC552A1BA8B7002DDCAD /* Main */ = {
			isa = PBXGroup;
			children = (
				BB0A4B662A1A8D87000C494F /* MainViewController.swift */,
				BBA4FD142A1A9A8E0015E257 /* MainCollectionViewCell.swift */,
				BB7B527C2A1AA8FB00A12B5A /* Tasks.swift */,
				BBAAAFFA2A1B3ED100EF754A /* TaskModel.swift */,
			);
			path = Main;
			sourceTree = "<group>";
		};
		BBA4FD122A1A8EFC0015E257 /* Application */ = {
			isa = PBXGroup;
			children = (
				BB0A4B622A1A8D87000C494F /* AppDelegate.swift */,
				BB0A4B642A1A8D87000C494F /* SceneDelegate.swift */,
			);
			path = Application;
			sourceTree = "<group>";
		};
		BBA4FD132A1A8F170015E257 /* Resources */ = {
			isa = PBXGroup;
			children = (
				BB0A4B6B2A1A8D89000C494F /* Assets.xcassets */,
				BB0A4B702A1A8D89000C494F /* Info.plist */,
				BB0A4B6D2A1A8D89000C494F /* LaunchScreen.storyboard */,
			);
			path = Resources;
			sourceTree = "<group>";
		};
		BBAAB0022A1B4F1900EF754A /* TasksTxt */ = {
			isa = PBXGroup;
			children = (
				BBAAB00A2A1B50BF00EF754A /* Task1Text.txt */,
				BBAAB0072A1B507A00EF754A /* Task2Text.txt */,
				BB52CC472A1BA52C002DDCAD /* Task3Text.txt */,
				BB52CC492A1BA539002DDCAD /* Task4Text.txt */,
				BB52CC4B2A1BA54C002DDCAD /* Task5Text.txt */,
				BB52CC4D2A1BA552002DDCAD /* Task6Text.txt */,
				BB52CC4F2A1BA557002DDCAD /* Task7Text.txt */,
				BB52CC512A1BA55B002DDCAD /* Task8Text.txt */,
				BB52CC532A1BA561002DDCAD /* Task9Text.txt */,
			);
			path = TasksTxt;
			sourceTree = "<group>";
		};
/* End PBXGroup section */

/* Begin PBXNativeTarget section */
		BB0A4B5E2A1A8D87000C494F /* UIKit Marathon */ = {
			isa = PBXNativeTarget;
			buildConfigurationList = BB0A4B732A1A8D89000C494F /* Build configuration list for PBXNativeTarget "UIKit Marathon" */;
			buildPhases = (
				BB0A4B5B2A1A8D87000C494F /* Sources */,
				BB0A4B5C2A1A8D87000C494F /* Frameworks */,
				BB0A4B5D2A1A8D87000C494F /* Resources */,
			);
			buildRules = (
			);
			dependencies = (
			);
			name = "UIKit Marathon";
			productName = "UIKit Marathon";
			productReference = BB0A4B5F2A1A8D87000C494F /* UIKit Marathon.app */;
			productType = "com.apple.product-type.application";
		};
/* End PBXNativeTarget section */

/* Begin PBXProject section */
		BB0A4B572A1A8D87000C494F /* Project object */ = {
			isa = PBXProject;
			attributes = {
				BuildIndependentTargetsInParallel = 1;
				LastSwiftUpdateCheck = 1430;
				LastUpgradeCheck = 1430;
				TargetAttributes = {
					BB0A4B5E2A1A8D87000C494F = {
						CreatedOnToolsVersion = 14.3;
					};
				};
			};
			buildConfigurationList = BB0A4B5A2A1A8D87000C494F /* Build configuration list for PBXProject "UIKit Marathon" */;
			compatibilityVersion = "Xcode 14.0";
			developmentRegion = en;
			hasScannedForEncodings = 0;
			knownRegions = (
				en,
				Base,
			);
			mainGroup = BB0A4B562A1A8D87000C494F;
			productRefGroup = BB0A4B602A1A8D87000C494F /* Products */;
			projectDirPath = "";
			projectRoot = "";
			targets = (
				BB0A4B5E2A1A8D87000C494F /* UIKit Marathon */,
			);
		};
/* End PBXProject section */

/* Begin PBXResourcesBuildPhase section */
		BB0A4B5D2A1A8D87000C494F /* Resources */ = {
			isa = PBXResourcesBuildPhase;
			buildActionMask = 2147483647;
			files = (
				BB52CC542A1BA561002DDCAD /* Task9Text.txt in Resources */,
				BB52CC482A1BA52C002DDCAD /* Task3Text.txt in Resources */,
				BBAAB00B2A1B598D00EF754A /* Task1Text.txt in Resources */,
				BBAAB0082A1B507A00EF754A /* Task2Text.txt in Resources */,
				BB52CC4C2A1BA54C002DDCAD /* Task5Text.txt in Resources */,
				BB52CC4A2A1BA539002DDCAD /* Task4Text.txt in Resources */,
				BB52CC522A1BA55B002DDCAD /* Task8Text.txt in Resources */,
				BB0A4B6F2A1A8D89000C494F /* LaunchScreen.storyboard in Resources */,
				BB52CC502A1BA557002DDCAD /* Task7Text.txt in Resources */,
				BB0A4B6C2A1A8D89000C494F /* Assets.xcassets in Resources */,
				BB52CC4E2A1BA552002DDCAD /* Task6Text.txt in Resources */,
			);
			runOnlyForDeploymentPostprocessing = 0;
		};
/* End PBXResourcesBuildPhase section */

/* Begin PBXSourcesBuildPhase section */
		BB0A4B5B2A1A8D87000C494F /* Sources */ = {
			isa = PBXSourcesBuildPhase;
			buildActionMask = 2147483647;
			files = (
				BBAAAFFB2A1B3ED100EF754A /* TaskModel.swift in Sources */,
				BB0A4B672A1A8D87000C494F /* MainViewController.swift in Sources */,
				BB0A4B632A1A8D87000C494F /* AppDelegate.swift in Sources */,
				BB0A4B652A1A8D87000C494F /* SceneDelegate.swift in Sources */,
				BB7B527D2A1AA8FB00A12B5A /* Tasks.swift in Sources */,
				BBA4FD152A1A9A8F0015E257 /* MainCollectionViewCell.swift in Sources */,
			);
			runOnlyForDeploymentPostprocessing = 0;
		};
/* End PBXSourcesBuildPhase section */

/* Begin PBXVariantGroup section */
		BB0A4B6D2A1A8D89000C494F /* LaunchScreen.storyboard */ = {
			isa = PBXVariantGroup;
			children = (
				BB0A4B6E2A1A8D89000C494F /* Base */,
			);
			name = LaunchScreen.storyboard;
			sourceTree = "<group>";
		};
/* End PBXVariantGroup section */

/* Begin XCBuildConfiguration section */
		BB0A4B712A1A8D89000C494F /* Debug */ = {
			isa = XCBuildConfiguration;
			buildSettings = {
				ALWAYS_SEARCH_USER_PATHS = NO;
				CLANG_ANALYZER_NONNULL = YES;
				CLANG_ANALYZER_NUMBER_OBJECT_CONVERSION = YES_AGGRESSIVE;
				CLANG_CXX_LANGUAGE_STANDARD = "gnu++20";
				CLANG_ENABLE_MODULES = YES;
				CLANG_ENABLE_OBJC_ARC = YES;
				CLANG_ENABLE_OBJC_WEAK = YES;
				CLANG_WARN_BLOCK_CAPTURE_AUTORELEASING = YES;
				CLANG_WARN_BOOL_CONVERSION = YES;
				CLANG_WARN_COMMA = YES;
				CLANG_WARN_CONSTANT_CONVERSION = YES;
				CLANG_WARN_DEPRECATED_OBJC_IMPLEMENTATIONS = YES;
				CLANG_WARN_DIRECT_OBJC_ISA_USAGE = YES_ERROR;
				CLANG_WARN_DOCUMENTATION_COMMENTS = YES;
				CLANG_WARN_EMPTY_BODY = YES;
				CLANG_WARN_ENUM_CONVERSION = YES;
				CLANG_WARN_INFINITE_RECURSION = YES;
				CLANG_WARN_INT_CONVERSION = YES;
				CLANG_WARN_NON_LITERAL_NULL_CONVERSION = YES;
				CLANG_WARN_OBJC_IMPLICIT_RETAIN_SELF = YES;
				CLANG_WARN_OBJC_LITERAL_CONVERSION = YES;
				CLANG_WARN_OBJC_ROOT_CLASS = YES_ERROR;
				CLANG_WARN_QUOTED_INCLUDE_IN_FRAMEWORK_HEADER = YES;
				CLANG_WARN_RANGE_LOOP_ANALYSIS = YES;
				CLANG_WARN_STRICT_PROTOTYPES = YES;
				CLANG_WARN_SUSPICIOUS_MOVE = YES;
				CLANG_WARN_UNGUARDED_AVAILABILITY = YES_AGGRESSIVE;
				CLANG_WARN_UNREACHABLE_CODE = YES;
				CLANG_WARN__DUPLICATE_METHOD_MATCH = YES;
				COPY_PHASE_STRIP = NO;
				DEBUG_INFORMATION_FORMAT = dwarf;
				ENABLE_STRICT_OBJC_MSGSEND = YES;
				ENABLE_TESTABILITY = YES;
				GCC_C_LANGUAGE_STANDARD = gnu11;
				GCC_DYNAMIC_NO_PIC = NO;
				GCC_NO_COMMON_BLOCKS = YES;
				GCC_OPTIMIZATION_LEVEL = 0;
				GCC_PREPROCESSOR_DEFINITIONS = (
					"DEBUG=1",
					"$(inherited)",
				);
				GCC_WARN_64_TO_32_BIT_CONVERSION = YES;
				GCC_WARN_ABOUT_RETURN_TYPE = YES_ERROR;
				GCC_WARN_UNDECLARED_SELECTOR = YES;
				GCC_WARN_UNINITIALIZED_AUTOS = YES_AGGRESSIVE;
				GCC_WARN_UNUSED_FUNCTION = YES;
				GCC_WARN_UNUSED_VARIABLE = YES;
				IPHONEOS_DEPLOYMENT_TARGET = 16.4;
				MTL_ENABLE_DEBUG_INFO = INCLUDE_SOURCE;
				MTL_FAST_MATH = YES;
				ONLY_ACTIVE_ARCH = YES;
				SDKROOT = iphoneos;
				SWIFT_ACTIVE_COMPILATION_CONDITIONS = DEBUG;
				SWIFT_OPTIMIZATION_LEVEL = "-Onone";
			};
			name = Debug;
		};
		BB0A4B722A1A8D89000C494F /* Release */ = {
			isa = XCBuildConfiguration;
			buildSettings = {
				ALWAYS_SEARCH_USER_PATHS = NO;
				CLANG_ANALYZER_NONNULL = YES;
				CLANG_ANALYZER_NUMBER_OBJECT_CONVERSION = YES_AGGRESSIVE;
				CLANG_CXX_LANGUAGE_STANDARD = "gnu++20";
				CLANG_ENABLE_MODULES = YES;
				CLANG_ENABLE_OBJC_ARC = YES;
				CLANG_ENABLE_OBJC_WEAK = YES;
				CLANG_WARN_BLOCK_CAPTURE_AUTORELEASING = YES;
				CLANG_WARN_BOOL_CONVERSION = YES;
				CLANG_WARN_COMMA = YES;
				CLANG_WARN_CONSTANT_CONVERSION = YES;
				CLANG_WARN_DEPRECATED_OBJC_IMPLEMENTATIONS = YES;
				CLANG_WARN_DIRECT_OBJC_ISA_USAGE = YES_ERROR;
				CLANG_WARN_DOCUMENTATION_COMMENTS = YES;
				CLANG_WARN_EMPTY_BODY = YES;
				CLANG_WARN_ENUM_CONVERSION = YES;
				CLANG_WARN_INFINITE_RECURSION = YES;
				CLANG_WARN_INT_CONVERSION = YES;
				CLANG_WARN_NON_LITERAL_NULL_CONVERSION = YES;
				CLANG_WARN_OBJC_IMPLICIT_RETAIN_SELF = YES;
				CLANG_WARN_OBJC_LITERAL_CONVERSION = YES;
				CLANG_WARN_OBJC_ROOT_CLASS = YES_ERROR;
				CLANG_WARN_QUOTED_INCLUDE_IN_FRAMEWORK_HEADER = YES;
				CLANG_WARN_RANGE_LOOP_ANALYSIS = YES;
				CLANG_WARN_STRICT_PROTOTYPES = YES;
				CLANG_WARN_SUSPICIOUS_MOVE = YES;
				CLANG_WARN_UNGUARDED_AVAILABILITY = YES_AGGRESSIVE;
				CLANG_WARN_UNREACHABLE_CODE = YES;
				CLANG_WARN__DUPLICATE_METHOD_MATCH = YES;
				COPY_PHASE_STRIP = NO;
				DEBUG_INFORMATION_FORMAT = "dwarf-with-dsym";
				ENABLE_NS_ASSERTIONS = NO;
				ENABLE_STRICT_OBJC_MSGSEND = YES;
				GCC_C_LANGUAGE_STANDARD = gnu11;
				GCC_NO_COMMON_BLOCKS = YES;
				GCC_WARN_64_TO_32_BIT_CONVERSION = YES;
				GCC_WARN_ABOUT_RETURN_TYPE = YES_ERROR;
				GCC_WARN_UNDECLARED_SELECTOR = YES;
				GCC_WARN_UNINITIALIZED_AUTOS = YES_AGGRESSIVE;
				GCC_WARN_UNUSED_FUNCTION = YES;
				GCC_WARN_UNUSED_VARIABLE = YES;
				IPHONEOS_DEPLOYMENT_TARGET = 16.4;
				MTL_ENABLE_DEBUG_INFO = NO;
				MTL_FAST_MATH = YES;
				SDKROOT = iphoneos;
				SWIFT_COMPILATION_MODE = wholemodule;
				SWIFT_OPTIMIZATION_LEVEL = "-O";
				VALIDATE_PRODUCT = YES;
			};
			name = Release;
		};
		BB0A4B742A1A8D89000C494F /* Debug */ = {
			isa = XCBuildConfiguration;
			buildSettings = {
				ASSETCATALOG_COMPILER_APPICON_NAME = AppIcon;
				ASSETCATALOG_COMPILER_GLOBAL_ACCENT_COLOR_NAME = AccentColor;
				CODE_SIGN_STYLE = Automatic;
				CURRENT_PROJECT_VERSION = 1;
				DEVELOPMENT_TEAM = SF69972TN6;
				GENERATE_INFOPLIST_FILE = YES;
				INFOPLIST_FILE = "UIKit Marathon/Resources/Info.plist";
				INFOPLIST_KEY_UIApplicationSupportsIndirectInputEvents = YES;
				INFOPLIST_KEY_UILaunchStoryboardName = LaunchScreen;
				INFOPLIST_KEY_UISupportedInterfaceOrientations_iPad = "UIInterfaceOrientationPortrait UIInterfaceOrientationPortraitUpsideDown UIInterfaceOrientationLandscapeLeft UIInterfaceOrientationLandscapeRight";
				INFOPLIST_KEY_UISupportedInterfaceOrientations_iPhone = "UIInterfaceOrientationPortrait UIInterfaceOrientationLandscapeLeft UIInterfaceOrientationLandscapeRight";
				LD_RUNPATH_SEARCH_PATHS = (
					"$(inherited)",
					"@executable_path/Frameworks",
				);
				MARKETING_VERSION = 0.1;
				PRODUCT_BUNDLE_IDENTIFIER = "com.smk.UIKit-Marathon";
				PRODUCT_NAME = "$(TARGET_NAME)";
				SWIFT_EMIT_LOC_STRINGS = YES;
				SWIFT_VERSION = 5.0;
				TARGETED_DEVICE_FAMILY = "1,2";
			};
			name = Debug;
		};
		BB0A4B752A1A8D89000C494F /* Release */ = {
			isa = XCBuildConfiguration;
			buildSettings = {
				ASSETCATALOG_COMPILER_APPICON_NAME = AppIcon;
				ASSETCATALOG_COMPILER_GLOBAL_ACCENT_COLOR_NAME = AccentColor;
				CODE_SIGN_STYLE = Automatic;
				CURRENT_PROJECT_VERSION = 1;
				DEVELOPMENT_TEAM = SF69972TN6;
				GENERATE_INFOPLIST_FILE = YES;
				INFOPLIST_FILE = "UIKit Marathon/Resources/Info.plist";
				INFOPLIST_KEY_UIApplicationSupportsIndirectInputEvents = YES;
				INFOPLIST_KEY_UILaunchStoryboardName = LaunchScreen;
				INFOPLIST_KEY_UISupportedInterfaceOrientations_iPad = "UIInterfaceOrientationPortrait UIInterfaceOrientationPortraitUpsideDown UIInterfaceOrientationLandscapeLeft UIInterfaceOrientationLandscapeRight";
				INFOPLIST_KEY_UISupportedInterfaceOrientations_iPhone = "UIInterfaceOrientationPortrait UIInterfaceOrientationLandscapeLeft UIInterfaceOrientationLandscapeRight";
				LD_RUNPATH_SEARCH_PATHS = (
					"$(inherited)",
					"@executable_path/Frameworks",
				);
				MARKETING_VERSION = 0.1;
				PRODUCT_BUNDLE_IDENTIFIER = "com.smk.UIKit-Marathon";
				PRODUCT_NAME = "$(TARGET_NAME)";
				SWIFT_EMIT_LOC_STRINGS = YES;
				SWIFT_VERSION = 5.0;
				TARGETED_DEVICE_FAMILY = "1,2";
			};
			name = Release;
		};
/* End XCBuildConfiguration section */

/* Begin XCConfigurationList section */
		BB0A4B5A2A1A8D87000C494F /* Build configuration list for PBXProject "UIKit Marathon" */ = {
			isa = XCConfigurationList;
			buildConfigurations = (
				BB0A4B712A1A8D89000C494F /* Debug */,
				BB0A4B722A1A8D89000C494F /* Release */,
			);
			defaultConfigurationIsVisible = 0;
			defaultConfigurationName = Release;
		};
		BB0A4B732A1A8D89000C494F /* Build configuration list for PBXNativeTarget "UIKit Marathon" */ = {
			isa = XCConfigurationList;
			buildConfigurations = (
				BB0A4B742A1A8D89000C494F /* Debug */,
				BB0A4B752A1A8D89000C494F /* Release */,
			);
			defaultConfigurationIsVisible = 0;
			defaultConfigurationName = Release;
		};
/* End XCConfigurationList section */
	};
	rootObject = BB0A4B572A1A8D87000C494F /* Project object */;
}
